
Microsoft Visual Studio Solution File, Format Version 12.00
# Visual Studio Version 17
VisualStudioVersion = 17.7.34221.43
MinimumVisualStudioVersion = 10.0.40219.1
Project("{FAE04EC0-301F-11D3-BF4B-00C04F79EFBC}") = "speechProject", "speechProject.csproj", "{5026569D-88C4-44FC-A634-812CACF94C97}"
EndProject
Global
	GlobalSection(SolutionConfigurationPlatforms) = preSolution
		Debug|Any CPU = Debug|Any CPU
		Release|Any CPU = Release|Any CPU
	EndGlobalSection
	GlobalSection(ProjectConfigurationPlatforms) = postSolution
		{5026569D-88C4-44FC-A634-812CACF94C97}.Debug|Any CPU.ActiveCfg = Debug|Any CPU
		{5026569D-88C4-44FC-A634-812CACF94C97}.Debug|Any CPU.Build.0 = Debug|Any CPU
		{5026569D-88C4-44FC-A634-812CACF94C97}.Release|Any CPU.ActiveCfg = Release|Any CPU
		{5026569D-88C4-44FC-A634-812CACF94C97}.Release|Any CPU.Build.0 = Release|Any CPU
	EndGlobalSection
	GlobalSection(SolutionProperties) = preSolution
		HideSolutionNode = FALSE
	EndGlobalSection
	GlobalSection(ExtensibilityGlobals) = postSolution
		SolutionGuid = {A17559BE-526F-4C3F-85EA-405C2375B459}
	EndGlobalSection
EndGlobal
